PODS:
  - Alamofire (5.0.0-rc.2)
  - AlamofireObjectMapper (6.2.0):
    - Alamofire (= 5.0.0-rc.2)
    - ObjectMapper (~> 3.5.1)
  - Flutter (1.0.0)
  - ObjectMapper (3.5.3)
  - payhere_mobilesdk_flutter (3.0.0):
    - Flutter
    - payHereSDK (= 3.0.4)
  - payHereSDK (3.0.4):
    - Alamofire (~> 5.0.0-rc.2)
    - AlamofireObjectMapper
    - SDWebImage
  - SDWebImage (5.12.5):
    - SDWebImage/Core (= 5.12.5)
  - SDWebImage/Core (5.12.5)

DEPENDENCIES:
  - Flutter (from `Flutter`)
  - payhere_mobilesdk_flutter (from `.symlinks/plugins/payhere_mobilesdk_flutter/ios`)

SPEC REPOS:
  trunk:
    - Alamofire
    - AlamofireObjectMapper
    - ObjectMapper
    - payHereSDK
    - SDWebImage

EXTERNAL SOURCES:
  Flutter:
    :path: Flutter
  payhere_mobilesdk_flutter:
    :path: ".symlinks/plugins/payhere_mobilesdk_flutter/ios"

SPEC CHECKSUMS:
  Alamofire: f9450d3c7f6bea2ad62e7a541c3e9b186c7991d6
  AlamofireObjectMapper: 74d1440c92c42bbcc2b5f4dc81654ac095ec669f
  Flutter: 50d75fe2f02b26cc09d224853bb45737f8b3214a
  ObjectMapper: 97111c97e054a6ee25917662106689f0b4127b37
  payhere_mobilesdk_flutter: cbaef066ceb32e9eb0d3e98ca693c2c97e031ecc
  payHereSDK: bde398c7ef9aa6684fc42cd5a098a3977337dc2c
  SDWebImage: 0905f1b7760fc8ac4198cae0036600d67478751e

PODFILE CHECKSUM: 466ff8d89a1dc635fb187df1bfd1905a4df4b787

COCOAPODS: 1.11.3
